
Microsoft Visual Studio Solution File, Format Version 12.00
# Visual Studio Version 16
VisualStudioVersion = 16.0.30711.63
MinimumVisualStudioVersion = 10.0.40219.1
Project("{FAE04EC0-301F-11D3-BF4B-00C04F79EFBC}") = "THBA_2020_10_13", "THBA_2020_10_13\THBA_2020_10_13.csproj", "{4FD1BB8C-77C2-459A-963D-5185DAA3FA76}"
EndProject
Global
	GlobalSection(SolutionConfigurationPlatforms) = preSolution
		Debug|Any CPU = Debug|Any CPU
		Release|Any CPU = Release|Any CPU
	EndGlobalSection
	GlobalSection(ProjectConfigurationPlatforms) = postSolution
		{4FD1BB8C-77C2-459A-963D-5185DAA3FA76}.Debug|Any CPU.ActiveCfg = Debug|Any CPU
		{4FD1BB8C-77C2-459A-963D-5185DAA3FA76}.Debug|Any CPU.Build.0 = Debug|Any CPU
		{4FD1BB8C-77C2-459A-963D-5185DAA3FA76}.Release|Any CPU.ActiveCfg = Release|Any CPU
		{4FD1BB8C-77C2-459A-963D-5185DAA3FA76}.Release|Any CPU.Build.0 = Release|Any CPU
	EndGlobalSection
	GlobalSection(SolutionProperties) = preSolution
		HideSolutionNode = FALSE
	EndGlobalSection
	GlobalSection(ExtensibilityGlobals) = postSolution
		SolutionGuid = {5FD262A0-5404-4EE4-9AD3-91E1779A8DB4}
	EndGlobalSection
EndGlobal
